
Microsoft Visual Studio Solution File, Format Version 12.00
Project("{FAE04EC0-301F-11D3-BF4B-00C04F79EFBC}") = "Exam", "Exam\Exam.csproj", "{1B421AB7-FBFD-4F97-B341-0BEE68DE0EFE}"
EndProject
Project("{FAE04EC0-301F-11D3-BF4B-00C04F79EFBC}") = "e17", "e17\e17.csproj", "{F702EA00-E851-4005-9CAB-73370E4912B4}"
EndProject
Project("{FAE04EC0-301F-11D3-BF4B-00C04F79EFBC}") = "e12", "e12\e12.csproj", "{5E7C63EC-9249-49FC-95B8-AA8B3F698CA4}"
EndProject
Project("{FAE04EC0-301F-11D3-BF4B-00C04F79EFBC}") = "e16", "e16\e16.csproj", "{F096664F-46E6-4690-95FA-D8F07DFBC0AD}"
EndProject
Project("{FAE04EC0-301F-11D3-BF4B-00C04F79EFBC}") = "e54", "e54\e54.csproj", "{D074040C-AC5D-45A7-A30D-649842DFBE83}"
EndProject
Project("{FAE04EC0-301F-11D3-BF4B-00C04F79EFBC}") = "Logger", "Logger\Logger.csproj", "{65E9C237-C560-4F34-B96F-8C3D6703F9B8}"
EndProject
Project("{FAE04EC0-301F-11D3-BF4B-00C04F79EFBC}") = "EnumFlagsAttribute", "EnumFlagsAttribute\EnumFlagsAttribute.csproj", "{FC16E469-FC83-4C0D-BBBC-5101B8277614}"
EndProject
Global
	GlobalSection(SolutionConfigurationPlatforms) = preSolution
		Debug|Any CPU = Debug|Any CPU
		Release|Any CPU = Release|Any CPU
	EndGlobalSection
	GlobalSection(ProjectConfigurationPlatforms) = postSolution
		{1B421AB7-FBFD-4F97-B341-0BEE68DE0EFE}.Debug|Any CPU.ActiveCfg = Debug|Any CPU
		{1B421AB7-FBFD-4F97-B341-0BEE68DE0EFE}.Debug|Any CPU.Build.0 = Debug|Any CPU
		{1B421AB7-FBFD-4F97-B341-0BEE68DE0EFE}.Release|Any CPU.ActiveCfg = Release|Any CPU
		{1B421AB7-FBFD-4F97-B341-0BEE68DE0EFE}.Release|Any CPU.Build.0 = Release|Any CPU
		{F702EA00-E851-4005-9CAB-73370E4912B4}.Debug|Any CPU.ActiveCfg = Debug|Any CPU
		{F702EA00-E851-4005-9CAB-73370E4912B4}.Debug|Any CPU.Build.0 = Debug|Any CPU
		{F702EA00-E851-4005-9CAB-73370E4912B4}.Release|Any CPU.ActiveCfg = Release|Any CPU
		{F702EA00-E851-4005-9CAB-73370E4912B4}.Release|Any CPU.Build.0 = Release|Any CPU
		{5E7C63EC-9249-49FC-95B8-AA8B3F698CA4}.Debug|Any CPU.ActiveCfg = Debug|Any CPU
		{5E7C63EC-9249-49FC-95B8-AA8B3F698CA4}.Debug|Any CPU.Build.0 = Debug|Any CPU
		{5E7C63EC-9249-49FC-95B8-AA8B3F698CA4}.Release|Any CPU.ActiveCfg = Release|Any CPU
		{5E7C63EC-9249-49FC-95B8-AA8B3F698CA4}.Release|Any CPU.Build.0 = Release|Any CPU
		{F096664F-46E6-4690-95FA-D8F07DFBC0AD}.Debug|Any CPU.ActiveCfg = Debug|Any CPU
		{F096664F-46E6-4690-95FA-D8F07DFBC0AD}.Debug|Any CPU.Build.0 = Debug|Any CPU
		{F096664F-46E6-4690-95FA-D8F07DFBC0AD}.Release|Any CPU.ActiveCfg = Release|Any CPU
		{F096664F-46E6-4690-95FA-D8F07DFBC0AD}.Release|Any CPU.Build.0 = Release|Any CPU
		{D074040C-AC5D-45A7-A30D-649842DFBE83}.Debug|Any CPU.ActiveCfg = Debug|Any CPU
		{D074040C-AC5D-45A7-A30D-649842DFBE83}.Debug|Any CPU.Build.0 = Debug|Any CPU
		{D074040C-AC5D-45A7-A30D-649842DFBE83}.Release|Any CPU.ActiveCfg = Release|Any CPU
		{D074040C-AC5D-45A7-A30D-649842DFBE83}.Release|Any CPU.Build.0 = Release|Any CPU
		{65E9C237-C560-4F34-B96F-8C3D6703F9B8}.Debug|Any CPU.ActiveCfg = Debug|Any CPU
		{65E9C237-C560-4F34-B96F-8C3D6703F9B8}.Debug|Any CPU.Build.0 = Debug|Any CPU
		{65E9C237-C560-4F34-B96F-8C3D6703F9B8}.Release|Any CPU.ActiveCfg = Release|Any CPU
		{65E9C237-C560-4F34-B96F-8C3D6703F9B8}.Release|Any CPU.Build.0 = Release|Any CPU
		{FC16E469-FC83-4C0D-BBBC-5101B8277614}.Debug|Any CPU.ActiveCfg = Debug|Any CPU
		{FC16E469-FC83-4C0D-BBBC-5101B8277614}.Debug|Any CPU.Build.0 = Debug|Any CPU
		{FC16E469-FC83-4C0D-BBBC-5101B8277614}.Release|Any CPU.ActiveCfg = Release|Any CPU
		{FC16E469-FC83-4C0D-BBBC-5101B8277614}.Release|Any CPU.Build.0 = Release|Any CPU
	EndGlobalSection
EndGlobal
