
Microsoft Visual Studio Solution File, Format Version 12.00
Project("{FAE04EC0-301F-11D3-BF4B-00C04F79EFBC}") = "e17", "e17\e17.csproj", "{F702EA00-E851-4005-9CAB-73370E4912B4}"
EndProject
Project("{FAE04EC0-301F-11D3-BF4B-00C04F79EFBC}") = "e12", "e12\e12.csproj", "{5E7C63EC-9249-49FC-95B8-AA8B3F698CA4}"
EndProject
Project("{FAE04EC0-301F-11D3-BF4B-00C04F79EFBC}") = "e16", "e16\e16.csproj", "{F096664F-46E6-4690-95FA-D8F07DFBC0AD}"
EndProject
Project("{FAE04EC0-301F-11D3-BF4B-00C04F79EFBC}") = "e54", "e54\e54.csproj", "{D074040C-AC5D-45A7-A30D-649842DFBE83}"
EndProject
Project("{FAE04EC0-301F-11D3-BF4B-00C04F79EFBC}") = "Logger", "Logger\Logger.csproj", "{65E9C237-C560-4F34-B96F-8C3D6703F9B8}"
EndProject
Project("{FAE04EC0-301F-11D3-BF4B-00C04F79EFBC}") = "EnumFlagsAttribute", "EnumFlagsAttribute\EnumFlagsAttribute.csproj", "{FC16E469-FC83-4C0D-BBBC-5101B8277614}"
EndProject
Project("{2150E333-8FDC-42A3-9474-1A3956D46DE8}") = "online", "online", "{1AFC45AD-AD21-4D26-B596-DE096417ADAA}"
EndProject
Project("{2150E333-8FDC-42A3-9474-1A3956D46DE8}") = "book", "book", "{3C37E65B-41BC-49A0-B15F-3C42BE02477B}"
EndProject
Project("{2150E333-8FDC-42A3-9474-1A3956D46DE8}") = "1. ManageProgramFlow", "1. ManageProgramFlow", "{4B59B378-81B9-42EE-8A4F-A0BCA3A2FCA7}"
EndProject
Project("{2150E333-8FDC-42A3-9474-1A3956D46DE8}") = "Objective 1.1 Implement multithreading and asynchronous processing", "Objective 1.1 Implement multithreading and asynchronous processing", "{CF079302-588E-42D5-B61B-256B69255B69}"
EndProject
Project("{FAE04EC0-301F-11D3-BF4B-00C04F79EFBC}") = "LISTING 1-1 Creating a thread with the Thread class", "LISTING 1-1 Creating a thread with the Thread class\LISTING 1-1 Creating a thread with the Thread class.csproj", "{C8C15037-7B55-42B9-A0BF-14DE40A28545}"
EndProject
Project("{FAE04EC0-301F-11D3-BF4B-00C04F79EFBC}") = "LISTING 1-2 Using a background thread", "LISTING 1-2 Using a background thread\LISTING 1-2 Using a background thread.csproj", "{3A1C968D-5216-4E4D-982C-2868A3B697F9}"
EndProject
Project("{FAE04EC0-301F-11D3-BF4B-00C04F79EFBC}") = "LISTING 1-3 Using the ParameterizedThreadStart", "LISTING 1-3 Using the ParameterizedThreadStart\LISTING 1-3 Using the ParameterizedThreadStart.csproj", "{E92206C5-A930-48A3-95BA-CDEAB045F3CC}"
EndProject
Project("{FAE04EC0-301F-11D3-BF4B-00C04F79EFBC}") = "LISTING 1-4 Stopping a thread", "LISTING 1-4 Stopping a thread\LISTING 1-4 Stopping a thread.csproj", "{CE8D8641-D7EE-45A0-A671-5E909C4D1886}"
EndProject
Project("{FAE04EC0-301F-11D3-BF4B-00C04F79EFBC}") = "LISTING 1-5 Using the ThreadStaticAttribute", "LISTING 1-5 Using the ThreadStaticAttribute\LISTING 1-5 Using the ThreadStaticAttribute.csproj", "{6D8EC48B-CA61-4AE9-B001-494B7267C92E}"
EndProject
Project("{FAE04EC0-301F-11D3-BF4B-00C04F79EFBC}") = "LISTING 1-6 Using ThreadLocal T", "LISTING 1-6 Using ThreadLocal T\LISTING 1-6 Using ThreadLocal T.csproj", "{A2D6A72F-8253-4332-B73F-A5AF5CB80172}"
EndProject
Global
	GlobalSection(SolutionConfigurationPlatforms) = preSolution
		Debug|Any CPU = Debug|Any CPU
		Release|Any CPU = Release|Any CPU
	EndGlobalSection
	GlobalSection(ProjectConfigurationPlatforms) = postSolution
		{F702EA00-E851-4005-9CAB-73370E4912B4}.Debug|Any CPU.ActiveCfg = Debug|Any CPU
		{F702EA00-E851-4005-9CAB-73370E4912B4}.Debug|Any CPU.Build.0 = Debug|Any CPU
		{F702EA00-E851-4005-9CAB-73370E4912B4}.Release|Any CPU.ActiveCfg = Release|Any CPU
		{F702EA00-E851-4005-9CAB-73370E4912B4}.Release|Any CPU.Build.0 = Release|Any CPU
		{5E7C63EC-9249-49FC-95B8-AA8B3F698CA4}.Debug|Any CPU.ActiveCfg = Debug|Any CPU
		{5E7C63EC-9249-49FC-95B8-AA8B3F698CA4}.Debug|Any CPU.Build.0 = Debug|Any CPU
		{5E7C63EC-9249-49FC-95B8-AA8B3F698CA4}.Release|Any CPU.ActiveCfg = Release|Any CPU
		{5E7C63EC-9249-49FC-95B8-AA8B3F698CA4}.Release|Any CPU.Build.0 = Release|Any CPU
		{F096664F-46E6-4690-95FA-D8F07DFBC0AD}.Debug|Any CPU.ActiveCfg = Debug|Any CPU
		{F096664F-46E6-4690-95FA-D8F07DFBC0AD}.Debug|Any CPU.Build.0 = Debug|Any CPU
		{F096664F-46E6-4690-95FA-D8F07DFBC0AD}.Release|Any CPU.ActiveCfg = Release|Any CPU
		{F096664F-46E6-4690-95FA-D8F07DFBC0AD}.Release|Any CPU.Build.0 = Release|Any CPU
		{D074040C-AC5D-45A7-A30D-649842DFBE83}.Debug|Any CPU.ActiveCfg = Debug|Any CPU
		{D074040C-AC5D-45A7-A30D-649842DFBE83}.Debug|Any CPU.Build.0 = Debug|Any CPU
		{D074040C-AC5D-45A7-A30D-649842DFBE83}.Release|Any CPU.ActiveCfg = Release|Any CPU
		{D074040C-AC5D-45A7-A30D-649842DFBE83}.Release|Any CPU.Build.0 = Release|Any CPU
		{65E9C237-C560-4F34-B96F-8C3D6703F9B8}.Debug|Any CPU.ActiveCfg = Debug|Any CPU
		{65E9C237-C560-4F34-B96F-8C3D6703F9B8}.Debug|Any CPU.Build.0 = Debug|Any CPU
		{65E9C237-C560-4F34-B96F-8C3D6703F9B8}.Release|Any CPU.ActiveCfg = Release|Any CPU
		{65E9C237-C560-4F34-B96F-8C3D6703F9B8}.Release|Any CPU.Build.0 = Release|Any CPU
		{FC16E469-FC83-4C0D-BBBC-5101B8277614}.Debug|Any CPU.ActiveCfg = Debug|Any CPU
		{FC16E469-FC83-4C0D-BBBC-5101B8277614}.Debug|Any CPU.Build.0 = Debug|Any CPU
		{FC16E469-FC83-4C0D-BBBC-5101B8277614}.Release|Any CPU.ActiveCfg = Release|Any CPU
		{FC16E469-FC83-4C0D-BBBC-5101B8277614}.Release|Any CPU.Build.0 = Release|Any CPU
		{C8C15037-7B55-42B9-A0BF-14DE40A28545}.Debug|Any CPU.ActiveCfg = Debug|Any CPU
		{C8C15037-7B55-42B9-A0BF-14DE40A28545}.Debug|Any CPU.Build.0 = Debug|Any CPU
		{C8C15037-7B55-42B9-A0BF-14DE40A28545}.Release|Any CPU.ActiveCfg = Release|Any CPU
		{C8C15037-7B55-42B9-A0BF-14DE40A28545}.Release|Any CPU.Build.0 = Release|Any CPU
		{3A1C968D-5216-4E4D-982C-2868A3B697F9}.Debug|Any CPU.ActiveCfg = Debug|Any CPU
		{3A1C968D-5216-4E4D-982C-2868A3B697F9}.Debug|Any CPU.Build.0 = Debug|Any CPU
		{3A1C968D-5216-4E4D-982C-2868A3B697F9}.Release|Any CPU.ActiveCfg = Release|Any CPU
		{3A1C968D-5216-4E4D-982C-2868A3B697F9}.Release|Any CPU.Build.0 = Release|Any CPU
		{E92206C5-A930-48A3-95BA-CDEAB045F3CC}.Debug|Any CPU.ActiveCfg = Debug|Any CPU
		{E92206C5-A930-48A3-95BA-CDEAB045F3CC}.Debug|Any CPU.Build.0 = Debug|Any CPU
		{E92206C5-A930-48A3-95BA-CDEAB045F3CC}.Release|Any CPU.ActiveCfg = Release|Any CPU
		{E92206C5-A930-48A3-95BA-CDEAB045F3CC}.Release|Any CPU.Build.0 = Release|Any CPU
		{CE8D8641-D7EE-45A0-A671-5E909C4D1886}.Debug|Any CPU.ActiveCfg = Debug|Any CPU
		{CE8D8641-D7EE-45A0-A671-5E909C4D1886}.Debug|Any CPU.Build.0 = Debug|Any CPU
		{CE8D8641-D7EE-45A0-A671-5E909C4D1886}.Release|Any CPU.ActiveCfg = Release|Any CPU
		{CE8D8641-D7EE-45A0-A671-5E909C4D1886}.Release|Any CPU.Build.0 = Release|Any CPU
		{6D8EC48B-CA61-4AE9-B001-494B7267C92E}.Debug|Any CPU.ActiveCfg = Debug|Any CPU
		{6D8EC48B-CA61-4AE9-B001-494B7267C92E}.Debug|Any CPU.Build.0 = Debug|Any CPU
		{6D8EC48B-CA61-4AE9-B001-494B7267C92E}.Release|Any CPU.ActiveCfg = Release|Any CPU
		{6D8EC48B-CA61-4AE9-B001-494B7267C92E}.Release|Any CPU.Build.0 = Release|Any CPU
		{A2D6A72F-8253-4332-B73F-A5AF5CB80172}.Debug|Any CPU.ActiveCfg = Debug|Any CPU
		{A2D6A72F-8253-4332-B73F-A5AF5CB80172}.Debug|Any CPU.Build.0 = Debug|Any CPU
		{A2D6A72F-8253-4332-B73F-A5AF5CB80172}.Release|Any CPU.ActiveCfg = Release|Any CPU
		{A2D6A72F-8253-4332-B73F-A5AF5CB80172}.Release|Any CPU.Build.0 = Release|Any CPU
	EndGlobalSection
	GlobalSection(NestedProjects) = preSolution
		{5E7C63EC-9249-49FC-95B8-AA8B3F698CA4} = {1AFC45AD-AD21-4D26-B596-DE096417ADAA}
		{F096664F-46E6-4690-95FA-D8F07DFBC0AD} = {1AFC45AD-AD21-4D26-B596-DE096417ADAA}
		{F702EA00-E851-4005-9CAB-73370E4912B4} = {1AFC45AD-AD21-4D26-B596-DE096417ADAA}
		{D074040C-AC5D-45A7-A30D-649842DFBE83} = {1AFC45AD-AD21-4D26-B596-DE096417ADAA}
		{FC16E469-FC83-4C0D-BBBC-5101B8277614} = {1AFC45AD-AD21-4D26-B596-DE096417ADAA}
		{65E9C237-C560-4F34-B96F-8C3D6703F9B8} = {1AFC45AD-AD21-4D26-B596-DE096417ADAA}
		{4B59B378-81B9-42EE-8A4F-A0BCA3A2FCA7} = {3C37E65B-41BC-49A0-B15F-3C42BE02477B}
		{CF079302-588E-42D5-B61B-256B69255B69} = {4B59B378-81B9-42EE-8A4F-A0BCA3A2FCA7}
		{C8C15037-7B55-42B9-A0BF-14DE40A28545} = {CF079302-588E-42D5-B61B-256B69255B69}
		{3A1C968D-5216-4E4D-982C-2868A3B697F9} = {CF079302-588E-42D5-B61B-256B69255B69}
		{E92206C5-A930-48A3-95BA-CDEAB045F3CC} = {CF079302-588E-42D5-B61B-256B69255B69}
		{CE8D8641-D7EE-45A0-A671-5E909C4D1886} = {CF079302-588E-42D5-B61B-256B69255B69}
		{6D8EC48B-CA61-4AE9-B001-494B7267C92E} = {CF079302-588E-42D5-B61B-256B69255B69}
		{A2D6A72F-8253-4332-B73F-A5AF5CB80172} = {CF079302-588E-42D5-B61B-256B69255B69}
	EndGlobalSection
EndGlobal
